// !$*UTF8*$!
{
	archiveVersion = 1;
	classes = {
	};
	objectVersion = 46;
	objects = {

/* Begin PBXBuildFile section */
		3A160AD21BBABB72005F6C3A /* 0.png in Resources */ = {isa = PBXBuildFile; fileRef = 3A160A921BBABB72005F6C3A /* 0.png */; settings = {ASSET_TAGS = (); }; };
		3A160AD31BBABB72005F6C3A /* 0.png in Resources */ = {isa = PBXBuildFile; fileRef = 3A160A921BBABB72005F6C3A /* 0.png */; settings = {ASSET_TAGS = (); }; };
		3A160AD41BBABB72005F6C3A /* 1.png in Resources */ = {isa = PBXBuildFile; fileRef = 3A160A931BBABB72005F6C3A /* 1.png */; settings = {ASSET_TAGS = (); }; };
		3A160AD51BBABB72005F6C3A /* 1.png in Resources */ = {isa = PBXBuildFile; fileRef = 3A160A931BBABB72005F6C3A /* 1.png */; settings = {ASSET_TAGS = (); }; };
		3A160AD61BBABB72005F6C3A /* 2.png in Resources */ = {isa = PBXBuildFile; fileRef = 3A160A941BBABB72005F6C3A /* 2.png */; settings = {ASSET_TAGS = (); }; };
		3A160AD71BBABB72005F6C3A /* 2.png in Resources */ = {isa = PBXBuildFile; fileRef = 3A160A941BBABB72005F6C3A /* 2.png */; settings = {ASSET_TAGS = (); }; };
		3A160AD81BBABB72005F6C3A /* 3.png in Resources */ = {isa = PBXBuildFile; fileRef = 3A160A951BBABB72005F6C3A /* 3.png */; settings = {ASSET_TAGS = (); }; };
		3A160AD91BBABB72005F6C3A /* 3.png in Resources */ = {isa = PBXBuildFile; fileRef = 3A160A951BBABB72005F6C3A /* 3.png */; settings = {ASSET_TAGS = (); }; };
		3A160ADA1BBABB72005F6C3A /* 4.png in Resources */ = {isa = PBXBuildFile; fileRef = 3A160A961BBABB72005F6C3A /* 4.png */; settings = {ASSET_TAGS = (); }; };
		3A160ADB1BBABB72005F6C3A /* 4.png in Resources */ = {isa = PBXBuildFile; fileRef = 3A160A961BBABB72005F6C3A /* 4.png */; settings = {ASSET_TAGS = (); }; };
		3A160ADC1BBABB72005F6C3A /* 5.png in Resources */ = {isa = PBXBuildFile; fileRef = 3A160A971BBABB72005F6C3A /* 5.png */; settings = {ASSET_TAGS = (); }; };
		3A160ADD1BBABB72005F6C3A /* 5.png in Resources */ = {isa = PBXBuildFile; fileRef = 3A160A971BBABB72005F6C3A /* 5.png */; settings = {ASSET_TAGS = (); }; };
		3A160ADE1BBABB72005F6C3A /* 6.png in Resources */ = {isa = PBXBuildFile; fileRef = 3A160A981BBABB72005F6C3A /* 6.png */; settings = {ASSET_TAGS = (); }; };
		3A160ADF1BBABB72005F6C3A /* 6.png in Resources */ = {isa = PBXBuildFile; fileRef = 3A160A981BBABB72005F6C3A /* 6.png */; settings = {ASSET_TAGS = (); }; };
		3A160AE01BBABB72005F6C3A /* 7.png in Resources */ = {isa = PBXBuildFile; fileRef = 3A160A991BBABB72005F6C3A /* 7.png */; settings = {ASSET_TAGS = (); }; };
		3A160AE11BBABB72005F6C3A /* 7.png in Resources */ = {isa = PBXBuildFile; fileRef = 3A160A991BBABB72005F6C3A /* 7.png */; settings = {ASSET_TAGS = (); }; };
		3A160AE21BBABB72005F6C3A /* 8.png in Resources */ = {isa = PBXBuildFile; fileRef = 3A160A9A1BBABB72005F6C3A /* 8.png */; settings = {ASSET_TAGS = (); }; };
		3A160AE31BBABB72005F6C3A /* 8.png in Resources */ = {isa = PBXBuildFile; fileRef = 3A160A9A1BBABB72005F6C3A /* 8.png */; settings = {ASSET_TAGS = (); }; };
		3A160AE41BBABB72005F6C3A /* 9.png in Resources */ = {isa = PBXBuildFile; fileRef = 3A160A9B1BBABB72005F6C3A /* 9.png */; settings = {ASSET_TAGS = (); }; };
		3A160AE51BBABB72005F6C3A /* 9.png in Resources */ = {isa = PBXBuildFile; fileRef = 3A160A9B1BBABB72005F6C3A /* 9.png */; settings = {ASSET_TAGS = (); }; };
		3A160AE61BBABB72005F6C3A /* 6014.aiff in Resources */ = {isa = PBXBuildFile; fileRef = 3A160A9C1BBABB72005F6C3A /* 6014.aiff */; settings = {ASSET_TAGS = (); }; };
		3A160AE71BBABB72005F6C3A /* 6014.aiff in Resources */ = {isa = PBXBuildFile; fileRef = 3A160A9C1BBABB72005F6C3A /* 6014.aiff */; settings = {ASSET_TAGS = (); }; };
		3A160AE81BBABB72005F6C3A /* 6014play.aiff in Resources */ = {isa = PBXBuildFile; fileRef = 3A160A9D1BBABB72005F6C3A /* 6014play.aiff */; settings = {ASSET_TAGS = (); }; };
		3A160AE91BBABB72005F6C3A /* 6014play.aiff in Resources */ = {isa = PBXBuildFile; fileRef = 3A160A9D1BBABB72005F6C3A /* 6014play.aiff */; settings = {ASSET_TAGS = (); }; };
		3A160AEA1BBABB72005F6C3A /* b0.png in Resources */ = {isa = PBXBuildFile; fileRef = 3A160A9E1BBABB72005F6C3A /* b0.png */; settings = {ASSET_TAGS = (); }; };
		3A160AEB1BBABB72005F6C3A /* b0.png in Resources */ = {isa = PBXBuildFile; fileRef = 3A160A9E1BBABB72005F6C3A /* b0.png */; settings = {ASSET_TAGS = (); }; };
		3A160AEC1BBABB72005F6C3A /* b0.pxm in Resources */ = {isa = PBXBuildFile; fileRef = 3A160A9F1BBABB72005F6C3A /* b0.pxm */; settings = {ASSET_TAGS = (); }; };
		3A160AED1BBABB72005F6C3A /* b0.pxm in Resources */ = {isa = PBXBuildFile; fileRef = 3A160A9F1BBABB72005F6C3A /* b0.pxm */; settings = {ASSET_TAGS = (); }; };
		3A160AEE1BBABB72005F6C3A /* b1.png in Resources */ = {isa = PBXBuildFile; fileRef = 3A160AA01BBABB72005F6C3A /* b1.png */; settings = {ASSET_TAGS = (); }; };
		3A160AEF1BBABB72005F6C3A /* b1.png in Resources */ = {isa = PBXBuildFile; fileRef = 3A160AA01BBABB72005F6C3A /* b1.png */; settings = {ASSET_TAGS = (); }; };
		3A160AF01BBABB72005F6C3A /* b1.pxm in Resources */ = {isa = PBXBuildFile; fileRef = 3A160AA11BBABB72005F6C3A /* b1.pxm */; settings = {ASSET_TAGS = (); }; };
		3A160AF11BBABB72005F6C3A /* b1.pxm in Resources */ = {isa = PBXBuildFile; fileRef = 3A160AA11BBABB72005F6C3A /* b1.pxm */; settings = {ASSET_TAGS = (); }; };
		3A160AF21BBABB72005F6C3A /* b2.png in Resources */ = {isa = PBXBuildFile; fileRef = 3A160AA21BBABB72005F6C3A /* b2.png */; settings = {ASSET_TAGS = (); }; };
		3A160AF31BBABB72005F6C3A /* b2.png in Resources */ = {isa = PBXBuildFile; fileRef = 3A160AA21BBABB72005F6C3A /* b2.png */; settings = {ASSET_TAGS = (); }; };
		3A160AF41BBABB72005F6C3A /* b2.pxm in Resources */ = {isa = PBXBuildFile; fileRef = 3A160AA31BBABB72005F6C3A /* b2.pxm */; settings = {ASSET_TAGS = (); }; };
		3A160AF51BBABB72005F6C3A /* b2.pxm in Resources */ = {isa = PBXBuildFile; fileRef = 3A160AA31BBABB72005F6C3A /* b2.pxm */; settings = {ASSET_TAGS = (); }; };
		3A160AF61BBABB72005F6C3A /* b3.png in Resources */ = {isa = PBXBuildFile; fileRef = 3A160AA41BBABB72005F6C3A /* b3.png */; settings = {ASSET_TAGS = (); }; };
		3A160AF71BBABB72005F6C3A /* b3.png in Resources */ = {isa = PBXBuildFile; fileRef = 3A160AA41BBABB72005F6C3A /* b3.png */; settings = {ASSET_TAGS = (); }; };
		3A160AF81BBABB72005F6C3A /* b3.pxm in Resources */ = {isa = PBXBuildFile; fileRef = 3A160AA51BBABB72005F6C3A /* b3.pxm */; settings = {ASSET_TAGS = (); }; };
		3A160AF91BBABB72005F6C3A /* b3.pxm in Resources */ = {isa = PBXBuildFile; fileRef = 3A160AA51BBABB72005F6C3A /* b3.pxm */; settings = {ASSET_TAGS = (); }; };
		3A160AFA1BBABB72005F6C3A /* boss.png in Resources */ = {isa = PBXBuildFile; fileRef = 3A160AA61BBABB72005F6C3A /* boss.png */; settings = {ASSET_TAGS = (); }; };
		3A160AFB1BBABB72005F6C3A /* boss.png in Resources */ = {isa = PBXBuildFile; fileRef = 3A160AA61BBABB72005F6C3A /* boss.png */; settings = {ASSET_TAGS = (); }; };
		3A160AFC1BBABB72005F6C3A /* boss.pxm in Resources */ = {isa = PBXBuildFile; fileRef = 3A160AA71BBABB72005F6C3A /* boss.pxm */; settings = {ASSET_TAGS = (); }; };
		3A160AFD1BBABB72005F6C3A /* boss.pxm in Resources */ = {isa = PBXBuildFile; fileRef = 3A160AA71BBABB72005F6C3A /* boss.pxm */; settings = {ASSET_TAGS = (); }; };
		3A160AFE1BBABB72005F6C3A /* Bullet.png in Resources */ = {isa = PBXBuildFile; fileRef = 3A160AA81BBABB72005F6C3A /* Bullet.png */; settings = {ASSET_TAGS = (); }; };
		3A160AFF1BBABB72005F6C3A /* Bullet.png in Resources */ = {isa = PBXBuildFile; fileRef = 3A160AA81BBABB72005F6C3A /* Bullet.png */; settings = {ASSET_TAGS = (); }; };
		3A160B001BBABB72005F6C3A /* Bullet.pxm in Resources */ = {isa = PBXBuildFile; fileRef = 3A160AA91BBABB72005F6C3A /* Bullet.pxm */; settings = {ASSET_TAGS = (); }; };
		3A160B011BBABB72005F6C3A /* Bullet.pxm in Resources */ = {isa = PBXBuildFile; fileRef = 3A160AA91BBABB72005F6C3A /* Bullet.pxm */; settings = {ASSET_TAGS = (); }; };
		3A160B021BBABB72005F6C3A /* Bullet2.png in Resources */ = {isa = PBXBuildFile; fileRef = 3A160AAA1BBABB72005F6C3A /* Bullet2.png */; settings = {ASSET_TAGS = (); }; };
		3A160B031BBABB72005F6C3A /* Bullet2.png in Resources */ = {isa = PBXBuildFile; fileRef = 3A160AAA1BBABB72005F6C3A /* Bullet2.png */; settings = {ASSET_TAGS = (); }; };
		3A160B041BBABB72005F6C3A /* Bullet2.pxm in Resources */ = {isa = PBXBuildFile; fileRef = 3A160AAB1BBABB72005F6C3A /* Bullet2.pxm */; settings = {ASSET_TAGS = (); }; };
		3A160B051BBABB72005F6C3A /* Bullet2.pxm in Resources */ = {isa = PBXBuildFile; fileRef = 3A160AAB1BBABB72005F6C3A /* Bullet2.pxm */; settings = {ASSET_TAGS = (); }; };
		3A160B061BBABB72005F6C3A /* Bullet3.png in Resources */ = {isa = PBXBuildFile; fileRef = 3A160AAC1BBABB72005F6C3A /* Bullet3.png */; settings = {ASSET_TAGS = (); }; };
		3A160B071BBABB72005F6C3A /* Bullet3.png in Resources */ = {isa = PBXBuildFile; fileRef = 3A160AAC1BBABB72005F6C3A /* Bullet3.png */; settings = {ASSET_TAGS = (); }; };
		3A160B081BBABB72005F6C3A /* Bullet3.pxm in Resources */ = {isa = PBXBuildFile; fileRef = 3A160AAD1BBABB72005F6C3A /* Bullet3.pxm */; settings = {ASSET_TAGS = (); }; };
		3A160B091BBABB72005F6C3A /* Bullet3.pxm in Resources */ = {isa = PBXBuildFile; fileRef = 3A160AAD1BBABB72005F6C3A /* Bullet3.pxm */; settings = {ASSET_TAGS = (); }; };
		3A160B0A1BBABB72005F6C3A /* c0.png in Resources */ = {isa = PBXBuildFile; fileRef = 3A160AAE1BBABB72005F6C3A /* c0.png */; settings = {ASSET_TAGS = (); }; };
		3A160B0B1BBABB72005F6C3A /* c0.png in Resources */ = {isa = PBXBuildFile; fileRef = 3A160AAE1BBABB72005F6C3A /* c0.png */; settings = {ASSET_TAGS = (); }; };
		3A160B0C1BBABB72005F6C3A /* c0.pxm in Resources */ = {isa = PBXBuildFile; fileRef = 3A160AAF1BBABB72005F6C3A /* c0.pxm */; settings = {ASSET_TAGS = (); }; };
		3A160B0D1BBABB72005F6C3A /* c0.pxm in Resources */ = {isa = PBXBuildFile; fileRef = 3A160AAF1BBABB72005F6C3A /* c0.pxm */; settings = {ASSET_TAGS = (); }; };
		3A160B0E1BBABB72005F6C3A /* g_backup 2.pxm in Resources */ = {isa = PBXBuildFile; fileRef = 3A160AB01BBABB72005F6C3A /* g_backup 2.pxm */; settings = {ASSET_TAGS = (); }; };
		3A160B0F1BBABB72005F6C3A /* g_backup 2.pxm in Resources */ = {isa = PBXBuildFile; fileRef = 3A160AB01BBABB72005F6C3A /* g_backup 2.pxm */; settings = {ASSET_TAGS = (); }; };
		3A160B101BBABB72005F6C3A /* g_backup.pxm in Resources */ = {isa = PBXBuildFile; fileRef = 3A160AB11BBABB72005F6C3A /* g_backup.pxm */; settings = {ASSET_TAGS = (); }; };
		3A160B111BBABB72005F6C3A /* g_backup.pxm in Resources */ = {isa = PBXBuildFile; fileRef = 3A160AB11BBABB72005F6C3A /* g_backup.pxm */; settings = {ASSET_TAGS = (); }; };
		3A160B121BBABB72005F6C3A /* g.pxm in Resources */ = {isa = PBXBuildFile; fileRef = 3A160AB21BBABB72005F6C3A /* g.pxm */; settings = {ASSET_TAGS = (); }; };
		3A160B131BBABB72005F6C3A /* g.pxm in Resources */ = {isa = PBXBuildFile; fileRef = 3A160AB21BBABB72005F6C3A /* g.pxm */; settings = {ASSET_TAGS = (); }; };
		3A160B141BBABB72005F6C3A /* g1.png in Resources */ = {isa = PBXBuildFile; fileRef = 3A160AB31BBABB72005F6C3A /* g1.png */; settings = {ASSET_TAGS = (); }; };
		3A160B151BBABB72005F6C3A /* g1.png in Resources */ = {isa = PBXBuildFile; fileRef = 3A160AB31BBABB72005F6C3A /* g1.png */; settings = {ASSET_TAGS = (); }; };
		3A160B161BBABB72005F6C3A /* g2.png in Resources */ = {isa = PBXBuildFile; fileRef = 3A160AB41BBABB72005F6C3A /* g2.png */; settings = {ASSET_TAGS = (); }; };
		3A160B171BBABB72005F6C3A /* g2.png in Resources */ = {isa = PBXBuildFile; fileRef = 3A160AB41BBABB72005F6C3A /* g2.png */; settings = {ASSET_TAGS = (); }; };
		3A160B181BBABB72005F6C3A /* g3.png in Resources */ = {isa = PBXBuildFile; fileRef = 3A160AB51BBABB72005F6C3A /* g3.png */; settings = {ASSET_TAGS = (); }; };
		3A160B191BBABB72005F6C3A /* g3.png in Resources */ = {isa = PBXBuildFile; fileRef = 3A160AB51BBABB72005F6C3A /* g3.png */; settings = {ASSET_TAGS = (); }; };
		3A160B1A1BBABB72005F6C3A /* g4.png in Resources */ = {isa = PBXBuildFile; fileRef = 3A160AB61BBABB72005F6C3A /* g4.png */; settings = {ASSET_TAGS = (); }; };
		3A160B1B1BBABB72005F6C3A /* g4.png in Resources */ = {isa = PBXBuildFile; fileRef = 3A160AB61BBABB72005F6C3A /* g4.png */; settings = {ASSET_TAGS = (); }; };
		3A160B1C1BBABB72005F6C3A /* g5.png in Resources */ = {isa = PBXBuildFile; fileRef = 3A160AB71BBABB72005F6C3A /* g5.png */; settings = {ASSET_TAGS = (); }; };
		3A160B1D1BBABB72005F6C3A /* g5.png in Resources */ = {isa = PBXBuildFile; fileRef = 3A160AB71BBABB72005F6C3A /* g5.png */; settings = {ASSET_TAGS = (); }; };
		3A160B1E1BBABB72005F6C3A /* g6.png in Resources */ = {isa = PBXBuildFile; fileRef = 3A160AB81BBABB72005F6C3A /* g6.png */; settings = {ASSET_TAGS = (); }; };
		3A160B1F1BBABB72005F6C3A /* g6.png in Resources */ = {isa = PBXBuildFile; fileRef = 3A160AB81BBABB72005F6C3A /* g6.png */; settings = {ASSET_TAGS = (); }; };
		3A160B201BBABB72005F6C3A /* g7.png in Resources */ = {isa = PBXBuildFile; fileRef = 3A160AB91BBABB72005F6C3A /* g7.png */; settings = {ASSET_TAGS = (); }; };
		3A160B211BBABB72005F6C3A /* g7.png in Resources */ = {isa = PBXBuildFile; fileRef = 3A160AB91BBABB72005F6C3A /* g7.png */; settings = {ASSET_TAGS = (); }; };
		3A160B221BBABB72005F6C3A /* g8.png in Resources */ = {isa = PBXBuildFile; fileRef = 3A160ABA1BBABB72005F6C3A /* g8.png */; settings = {ASSET_TAGS = (); }; };
		3A160B231BBABB72005F6C3A /* g8.png in Resources */ = {isa = PBXBuildFile; fileRef = 3A160ABA1BBABB72005F6C3A /* g8.png */; settings = {ASSET_TAGS = (); }; };
		3A160B241BBABB72005F6C3A /* Krungthep.ttf in Resources */ = {isa = PBXBuildFile; fileRef = 3A160ABB1BBABB72005F6C3A /* Krungthep.ttf */; settings = {ASSET_TAGS = (); }; };
		3A160B251BBABB72005F6C3A /* Krungthep.ttf in Resources */ = {isa = PBXBuildFile; fileRef = 3A160ABB1BBABB72005F6C3A /* Krungthep.ttf */; settings = {ASSET_TAGS = (); }; };
		3A160B261BBABB72005F6C3A /* level.pxm in Resources */ = {isa = PBXBuildFile; fileRef = 3A160ABC1BBABB72005F6C3A /* level.pxm */; settings = {ASSET_TAGS = (); }; };
		3A160B271BBABB72005F6C3A /* level.pxm in Resources */ = {isa = PBXBuildFile; fileRef = 3A160ABC1BBABB72005F6C3A /* level.pxm */; settings = {ASSET_TAGS = (); }; };
		3A160B281BBABB72005F6C3A /* Pause.png in Resources */ = {isa = PBXBuildFile; fileRef = 3A160ABD1BBABB72005F6C3A /* Pause.png */; settings = {ASSET_TAGS = (); }; };
		3A160B291BBABB72005F6C3A /* Pause.png in Resources */ = {isa = PBXBuildFile; fileRef = 3A160ABD1BBABB72005F6C3A /* Pause.png */; settings = {ASSET_TAGS = (); }; };
		3A160B2A1BBABB72005F6C3A /* Pause.pxm in Resources */ = {isa = PBXBuildFile; fileRef = 3A160ABE1BBABB72005F6C3A /* Pause.pxm */; settings = {ASSET_TAGS = (); }; };
		3A160B2B1BBABB72005F6C3A /* Pause.pxm in Resources */ = {isa = PBXBuildFile; fileRef = 3A160ABE1BBABB72005F6C3A /* Pause.pxm */; settings = {ASSET_TAGS = (); }; };
		3A160B2C1BBABB72005F6C3A /* PowerUp.png in Resources */ = {isa = PBXBuildFile; fileRef = 3A160ABF1BBABB72005F6C3A /* PowerUp.png */; settings = {ASSET_TAGS = (); }; };
		3A160B2D1BBABB72005F6C3A /* PowerUp.png in Resources */ = {isa = PBXBuildFile; fileRef = 3A160ABF1BBABB72005F6C3A /* PowerUp.png */; settings = {ASSET_TAGS = (); }; };
		3A160B2E1BBABB72005F6C3A /* PowerUp.pxm in Resources */ = {isa = PBXBuildFile; fileRef = 3A160AC01BBABB72005F6C3A /* PowerUp.pxm */; settings = {ASSET_TAGS = (); }; };
		3A160B2F1BBABB72005F6C3A /* PowerUp.pxm in Resources */ = {isa = PBXBuildFile; fileRef = 3A160AC01BBABB72005F6C3A /* PowerUp.pxm */; settings = {ASSET_TAGS = (); }; };
		3A160B301BBABB72005F6C3A /* Q.png in Resources */ = {isa = PBXBuildFile; fileRef = 3A160AC11BBABB72005F6C3A /* Q.png */; settings = {ASSET_TAGS = (); }; };
		3A160B311BBABB72005F6C3A /* Q.png in Resources */ = {isa = PBXBuildFile; fileRef = 3A160AC11BBABB72005F6C3A /* Q.png */; settings = {ASSET_TAGS = (); }; };
		3A160B321BBABB72005F6C3A /* Quit.png in Resources */ = {isa = PBXBuildFile; fileRef = 3A160AC21BBABB72005F6C3A /* Quit.png */; settings = {ASSET_TAGS = (); }; };
		3A160B331BBABB72005F6C3A /* Quit.png in Resources */ = {isa = PBXBuildFile; fileRef = 3A160AC21BBABB72005F6C3A /* Quit.png */; settings = {ASSET_TAGS = (); }; };
		3A160B341BBABB72005F6C3A /* Quit.pxm in Resources */ = {isa = PBXBuildFile; fileRef = 3A160AC31BBABB72005F6C3A /* Quit.pxm */; settings = {ASSET_TAGS = (); }; };
		3A160B351BBABB72005F6C3A /* Quit.pxm in Resources */ = {isa = PBXBuildFile; fileRef = 3A160AC31BBABB72005F6C3A /* Quit.pxm */; settings = {ASSET_TAGS = (); }; };
		3A160B361BBABB72005F6C3A /* rawbeat.aif in Resources */ = {isa = PBXBuildFile; fileRef = 3A160AC41BBABB72005F6C3A /* rawbeat.aif */; settings = {ASSET_TAGS = (); }; };
		3A160B371BBABB72005F6C3A /* rawbeat.aif in Resources */ = {isa = PBXBuildFile; fileRef = 3A160AC41BBABB72005F6C3A /* rawbeat.aif */; settings = {ASSET_TAGS = (); }; };
		3A160B381BBABB72005F6C3A /* README.md in Sources */ = {isa = PBXBuildFile; fileRef = 3A160AC51BBABB72005F6C3A /* README.md */; settings = {ASSET_TAGS = (); }; };
		3A160B391BBABB72005F6C3A /* README.md in Sources */ = {isa = PBXBuildFile; fileRef = 3A160AC51BBABB72005F6C3A /* README.md */; settings = {ASSET_TAGS = (); }; };
		3A160B3A1BBABB72005F6C3A /* Resume.png in Resources */ = {isa = PBXBuildFile; fileRef = 3A160AC61BBABB72005F6C3A /* Resume.png */; settings = {ASSET_TAGS = (); }; };
		3A160B3B1BBABB72005F6C3A /* Resume.png in Resources */ = {isa = PBXBuildFile; fileRef = 3A160AC61BBABB72005F6C3A /* Resume.png */; settings = {ASSET_TAGS = (); }; };
		3A160B3C1BBABB72005F6C3A /* Resume.pxm in Resources */ = {isa = PBXBuildFile; fileRef = 3A160AC71BBABB72005F6C3A /* Resume.pxm */; settings = {ASSET_TAGS = (); }; };
		3A160B3D1BBABB72005F6C3A /* Resume.pxm in Resources */ = {isa = PBXBuildFile; fileRef = 3A160AC71BBABB72005F6C3A /* Resume.pxm */; settings = {ASSET_TAGS = (); }; };
		3A160B3E1BBABB72005F6C3A /* s.pxm in Resources */ = {isa = PBXBuildFile; fileRef = 3A160AC81BBABB72005F6C3A /* s.pxm */; settings = {ASSET_TAGS = (); }; };
		3A160B3F1BBABB72005F6C3A /* s.pxm in Resources */ = {isa = PBXBuildFile; fileRef = 3A160AC81BBABB72005F6C3A /* s.pxm */; settings = {ASSET_TAGS = (); }; };
		3A160B401BBABB72005F6C3A /* s0.png in Resources */ = {isa = PBXBuildFile; fileRef = 3A160AC91BBABB72005F6C3A /* s0.png */; settings = {ASSET_TAGS = (); }; };
		3A160B411BBABB72005F6C3A /* s0.png in Resources */ = {isa = PBXBuildFile; fileRef = 3A160AC91BBABB72005F6C3A /* s0.png */; settings = {ASSET_TAGS = (); }; };
		3A160B421BBABB72005F6C3A /* s1.png in Resources */ = {isa = PBXBuildFile; fileRef = 3A160ACA1BBABB72005F6C3A /* s1.png */; settings = {ASSET_TAGS = (); }; };
		3A160B431BBABB72005F6C3A /* s1.png in Resources */ = {isa = PBXBuildFile; fileRef = 3A160ACA1BBABB72005F6C3A /* s1.png */; settings = {ASSET_TAGS = (); }; };
		3A160B441BBABB72005F6C3A /* s2.pxm in Resources */ = {isa = PBXBuildFile; fileRef = 3A160ACB1BBABB72005F6C3A /* s2.pxm */; settings = {ASSET_TAGS = (); }; };
		3A160B451BBABB72005F6C3A /* s2.pxm in Resources */ = {isa = PBXBuildFile; fileRef = 3A160ACB1BBABB72005F6C3A /* s2.pxm */; settings = {ASSET_TAGS = (); }; };
		3A160B461BBABB72005F6C3A /* Start.png in Resources */ = {isa = PBXBuildFile; fileRef = 3A160ACC1BBABB72005F6C3A /* Start.png */; settings = {ASSET_TAGS = (); }; };
		3A160B471BBABB72005F6C3A /* Start.png in Resources */ = {isa = PBXBuildFile; fileRef = 3A160ACC1BBABB72005F6C3A /* Start.png */; settings = {ASSET_TAGS = (); }; };
		3A160B481BBABB72005F6C3A /* Start.pxm in Resources */ = {isa = PBXBuildFile; fileRef = 3A160ACD1BBABB72005F6C3A /* Start.pxm */; settings = {ASSET_TAGS = (); }; };
		3A160B491BBABB72005F6C3A /* Start.pxm in Resources */ = {isa = PBXBuildFile; fileRef = 3A160ACD1BBABB72005F6C3A /* Start.pxm */; settings = {ASSET_TAGS = (); }; };
		3A160B4A1BBABB72005F6C3A /* Unld.png in Resources */ = {isa = PBXBuildFile; fileRef = 3A160ACE1BBABB72005F6C3A /* Unld.png */; settings = {ASSET_TAGS = (); }; };
		3A160B4B1BBABB72005F6C3A /* Unld.png in Resources */ = {isa = PBXBuildFile; fileRef = 3A160ACE1BBABB72005F6C3A /* Unld.png */; settings = {ASSET_TAGS = (); }; };
		3A160B4C1BBABB72005F6C3A /* Unld.pxm in Resources */ = {isa = PBXBuildFile; fileRef = 3A160ACF1BBABB72005F6C3A /* Unld.pxm */; settings = {ASSET_TAGS = (); }; };
		3A160B4D1BBABB72005F6C3A /* Unld.pxm in Resources */ = {isa = PBXBuildFile; fileRef = 3A160ACF1BBABB72005F6C3A /* Unld.pxm */; settings = {ASSET_TAGS = (); }; };
		3A160B4E1BBABB72005F6C3A /* Upgrade.png in Resources */ = {isa = PBXBuildFile; fileRef = 3A160AD01BBABB72005F6C3A /* Upgrade.png */; settings = {ASSET_TAGS = (); }; };
		3A160B4F1BBABB72005F6C3A /* Upgrade.png in Resources */ = {isa = PBXBuildFile; fileRef = 3A160AD01BBABB72005F6C3A /* Upgrade.png */; settings = {ASSET_TAGS = (); }; };
		3A160B501BBABB72005F6C3A /* Upgrade.pxm in Resources */ = {isa = PBXBuildFile; fileRef = 3A160AD11BBABB72005F6C3A /* Upgrade.pxm */; settings = {ASSET_TAGS = (); }; };
		3A160B511BBABB72005F6C3A /* Upgrade.pxm in Resources */ = {isa = PBXBuildFile; fileRef = 3A160AD11BBABB72005F6C3A /* Upgrade.pxm */; settings = {ASSET_TAGS = (); }; };
		3AAE84491B38D01D00ED4957 /* spark.png in Resources */ = {isa = PBXBuildFile; fileRef = 3AAE84471B38D01D00ED4957 /* spark.png */; };
		3AD53A311B388A0E0032B64B /* AppDelegate.swift in Sources */ = {isa = PBXBuildFile; fileRef = 3AD53A301B388A0E0032B64B /* AppDelegate.swift */; };
		3AD53A331B388A0E0032B64B /* GameScene.sks in Resources */ = {isa = PBXBuildFile; fileRef = 3AD53A321B388A0E0032B64B /* GameScene.sks */; };
		3AD53A351B388A0E0032B64B /* GameScene.swift in Sources */ = {isa = PBXBuildFile; fileRef = 3AD53A341B388A0E0032B64B /* GameScene.swift */; };
		3AD53A371B388A0E0032B64B /* GameViewController.swift in Sources */ = {isa = PBXBuildFile; fileRef = 3AD53A361B388A0E0032B64B /* GameViewController.swift */; };
		3AD53A3A1B388A0E0032B64B /* Main.storyboard in Resources */ = {isa = PBXBuildFile; fileRef = 3AD53A381B388A0E0032B64B /* Main.storyboard */; };
		3AD53A3C1B388A0E0032B64B /* Images.xcassets in Resources */ = {isa = PBXBuildFile; fileRef = 3AD53A3B1B388A0E0032B64B /* Images.xcassets */; };
		3AD53A3F1B388A0E0032B64B /* LaunchScreen.xib in Resources */ = {isa = PBXBuildFile; fileRef = 3AD53A3D1B388A0E0032B64B /* LaunchScreen.xib */; };
		3AD53A4B1B388A0E0032B64B /* AlienConquerorTests.swift in Sources */ = {isa = PBXBuildFile; fileRef = 3AD53A4A1B388A0E0032B64B /* AlienConquerorTests.swift */; };
/* End PBXBuildFile section */

/* Begin PBXContainerItemProxy section */
		3AD53A451B388A0E0032B64B /* PBXContainerItemProxy */ = {
			isa = PBXContainerItemProxy;
			containerPortal = 3AD53A231B388A0D0032B64B /* Project object */;
			proxyType = 1;
			remoteGlobalIDString = 3AD53A2A1B388A0E0032B64B;
			remoteInfo = AlienConqueror;
		};
/* End PBXContainerItemProxy section */

/* Begin PBXFileReference section */
		3A160A921BBABB72005F6C3A /* 0.png */ = {isa = PBXFileReference; lastKnownFileType = image.png; name = 0.png; path = "../../Sprites and Sounds/0.png"; sourceTree = "<group>"; };
		3A160A931BBABB72005F6C3A /* 1.png */ = {isa = PBXFileReference; lastKnownFileType = image.png; name = 1.png; path = "../../Sprites and Sounds/1.png"; sourceTree = "<group>"; };
		3A160A941BBABB72005F6C3A /* 2.png */ = {isa = PBXFileReference; lastKnownFileType = image.png; name = 2.png; path = "../../Sprites and Sounds/2.png"; sourceTree = "<group>"; };
		3A160A951BBABB72005F6C3A /* 3.png */ = {isa = PBXFileReference; lastKnownFileType = image.png; name = 3.png; path = "../../Sprites and Sounds/3.png"; sourceTree = "<group>"; };
		3A160A961BBABB72005F6C3A /* 4.png */ = {isa = PBXFileReference; lastKnownFileType = image.png; name = 4.png; path = "../../Sprites and Sounds/4.png"; sourceTree = "<group>"; };
		3A160A971BBABB72005F6C3A /* 5.png */ = {isa = PBXFileReference; lastKnownFileType = image.png; name = 5.png; path = "../../Sprites and Sounds/5.png"; sourceTree = "<group>"; };
		3A160A981BBABB72005F6C3A /* 6.png */ = {isa = PBXFileReference; lastKnownFileType = image.png; name = 6.png; path = "../../Sprites and Sounds/6.png"; sourceTree = "<group>"; };
		3A160A991BBABB72005F6C3A /* 7.png */ = {isa = PBXFileReference; lastKnownFileType = image.png; name = 7.png; path = "../../Sprites and Sounds/7.png"; sourceTree = "<group>"; };
		3A160A9A1BBABB72005F6C3A /* 8.png */ = {isa = PBXFileReference; lastKnownFileType = image.png; name = 8.png; path = "../../Sprites and Sounds/8.png"; sourceTree = "<group>"; };
		3A160A9B1BBABB72005F6C3A /* 9.png */ = {isa = PBXFileReference; lastKnownFileType = image.png; name = 9.png; path = "../../Sprites and Sounds/9.png"; sourceTree = "<group>"; };
		3A160A9C1BBABB72005F6C3A /* 6014.aiff */ = {isa = PBXFileReference; lastKnownFileType = audio.aiff; name = 6014.aiff; path = "../../Sprites and Sounds/6014.aiff"; sourceTree = "<group>"; };
		3A160A9D1BBABB72005F6C3A /* 6014play.aiff */ = {isa = PBXFileReference; lastKnownFileType = audio.aiff; name = 6014play.aiff; path = "../../Sprites and Sounds/6014play.aiff"; sourceTree = "<group>"; };
		3A160A9E1BBABB72005F6C3A /* b0.png */ = {isa = PBXFileReference; lastKnownFileType = image.png; name = b0.png; path = "../../Sprites and Sounds/b0.png"; sourceTree = "<group>"; };
		3A160A9F1BBABB72005F6C3A /* b0.pxm */ = {isa = PBXFileReference; lastKnownFileType = file; name = b0.pxm; path = "../../Sprites and Sounds/b0.pxm"; sourceTree = "<group>"; };
		3A160AA01BBABB72005F6C3A /* b1.png */ = {isa = PBXFileReference; lastKnownFileType = image.png; name = b1.png; path = "../../Sprites and Sounds/b1.png"; sourceTree = "<group>"; };
		3A160AA11BBABB72005F6C3A /* b1.pxm */ = {isa = PBXFileReference; lastKnownFileType = file; name = b1.pxm; path = "../../Sprites and Sounds/b1.pxm"; sourceTree = "<group>"; };
		3A160AA21BBABB72005F6C3A /* b2.png */ = {isa = PBXFileReference; lastKnownFileType = image.png; name = b2.png; path = "../../Sprites and Sounds/b2.png"; sourceTree = "<group>"; };
		3A160AA31BBABB72005F6C3A /* b2.pxm */ = {isa = PBXFileReference; lastKnownFileType = file; name = b2.pxm; path = "../../Sprites and Sounds/b2.pxm"; sourceTree = "<group>"; };
		3A160AA41BBABB72005F6C3A /* b3.png */ = {isa = PBXFileReference; lastKnownFileType = image.png; name = b3.png; path = "../../Sprites and Sounds/b3.png"; sourceTree = "<group>"; };
		3A160AA51BBABB72005F6C3A /* b3.pxm */ = {isa = PBXFileReference; lastKnownFileType = file; name = b3.pxm; path = "../../Sprites and Sounds/b3.pxm"; sourceTree = "<group>"; };
		3A160AA61BBABB72005F6C3A /* boss.png */ = {isa = PBXFileReference; lastKnownFileType = image.png; name = boss.png; path = "../../Sprites and Sounds/boss.png"; sourceTree = "<group>"; };
		3A160AA71BBABB72005F6C3A /* boss.pxm */ = {isa = PBXFileReference; lastKnownFileType = file; name = boss.pxm; path = "../../Sprites and Sounds/boss.pxm"; sourceTree = "<group>"; };
		3A160AA81BBABB72005F6C3A /* Bullet.png */ = {isa = PBXFileReference; lastKnownFileType = image.png; name = Bullet.png; path = "../../Sprites and Sounds/Bullet.png"; sourceTree = "<group>"; };
		3A160AA91BBABB72005F6C3A /* Bullet.pxm */ = {isa = PBXFileReference; lastKnownFileType = file; name = Bullet.pxm; path = "../../Sprites and Sounds/Bullet.pxm"; sourceTree = "<group>"; };
		3A160AAA1BBABB72005F6C3A /* Bullet2.png */ = {isa = PBXFileReference; lastKnownFileType = image.png; name = Bullet2.png; path = "../../Sprites and Sounds/Bullet2.png"; sourceTree = "<group>"; };
		3A160AAB1BBABB72005F6C3A /* Bullet2.pxm */ = {isa = PBXFileReference; lastKnownFileType = file; name = Bullet2.pxm; path = "../../Sprites and Sounds/Bullet2.pxm"; sourceTree = "<group>"; };
		3A160AAC1BBABB72005F6C3A /* Bullet3.png */ = {isa = PBXFileReference; lastKnownFileType = image.png; name = Bullet3.png; path = "../../Sprites and Sounds/Bullet3.png"; sourceTree = "<group>"; };
		3A160AAD1BBABB72005F6C3A /* Bullet3.pxm */ = {isa = PBXFileReference; lastKnownFileType = file; name = Bullet3.pxm; path = "../../Sprites and Sounds/Bullet3.pxm"; sourceTree = "<group>"; };
		3A160AAE1BBABB72005F6C3A /* c0.png */ = {isa = PBXFileReference; lastKnownFileType = image.png; name = c0.png; path = "../../Sprites and Sounds/c0.png"; sourceTree = "<group>"; };
		3A160AAF1BBABB72005F6C3A /* c0.pxm */ = {isa = PBXFileReference; lastKnownFileType = file; name = c0.pxm; path = "../../Sprites and Sounds/c0.pxm"; sourceTree = "<group>"; };
		3A160AB01BBABB72005F6C3A /* g_backup 2.pxm */ = {isa = PBXFileReference; lastKnownFileType = file; name = "g_backup 2.pxm"; path = "../../Sprites and Sounds/g_backup 2.pxm"; sourceTree = "<group>"; };
		3A160AB11BBABB72005F6C3A /* g_backup.pxm */ = {isa = PBXFileReference; lastKnownFileType = file; name = g_backup.pxm; path = "../../Sprites and Sounds/g_backup.pxm"; sourceTree = "<group>"; };
		3A160AB21BBABB72005F6C3A /* g.pxm */ = {isa = PBXFileReference; lastKnownFileType = file; name = g.pxm; path = "../../Sprites and Sounds/g.pxm"; sourceTree = "<group>"; };
		3A160AB31BBABB72005F6C3A /* g1.png */ = {isa = PBXFileReference; lastKnownFileType = image.png; name = g1.png; path = "../../Sprites and Sounds/g1.png"; sourceTree = "<group>"; };
		3A160AB41BBABB72005F6C3A /* g2.png */ = {isa = PBXFileReference; lastKnownFileType = image.png; name = g2.png; path = "../../Sprites and Sounds/g2.png"; sourceTree = "<group>"; };
		3A160AB51BBABB72005F6C3A /* g3.png */ = {isa = PBXFileReference; lastKnownFileType = image.png; name = g3.png; path = "../../Sprites and Sounds/g3.png"; sourceTree = "<group>"; };
		3A160AB61BBABB72005F6C3A /* g4.png */ = {isa = PBXFileReference; lastKnownFileType = image.png; name = g4.png; path = "../../Sprites and Sounds/g4.png"; sourceTree = "<group>"; };
		3A160AB71BBABB72005F6C3A /* g5.png */ = {isa = PBXFileReference; lastKnownFileType = image.png; name = g5.png; path = "../../Sprites and Sounds/g5.png"; sourceTree = "<group>"; };
		3A160AB81BBABB72005F6C3A /* g6.png */ = {isa = PBXFileReference; lastKnownFileType = image.png; name = g6.png; path = "../../Sprites and Sounds/g6.png"; sourceTree = "<group>"; };
		3A160AB91BBABB72005F6C3A /* g7.png */ = {isa = PBXFileReference; lastKnownFileType = image.png; name = g7.png; path = "../../Sprites and Sounds/g7.png"; sourceTree = "<group>"; };
		3A160ABA1BBABB72005F6C3A /* g8.png */ = {isa = PBXFileReference; lastKnownFileType = image.png; name = g8.png; path = "../../Sprites and Sounds/g8.png"; sourceTree = "<group>"; };
		3A160ABB1BBABB72005F6C3A /* Krungthep.ttf */ = {isa = PBXFileReference; lastKnownFileType = file; name = Krungthep.ttf; path = "../../Sprites and Sounds/Krungthep.ttf"; sourceTree = "<group>"; };
		3A160ABC1BBABB72005F6C3A /* level.pxm */ = {isa = PBXFileReference; lastKnownFileType = file; name = level.pxm; path = "../../Sprites and Sounds/level.pxm"; sourceTree = "<group>"; };
		3A160ABD1BBABB72005F6C3A /* Pause.png */ = {isa = PBXFileReference; lastKnownFileType = image.png; name = Pause.png; path = "../../Sprites and Sounds/Pause.png"; sourceTree = "<group>"; };
		3A160ABE1BBABB72005F6C3A /* Pause.pxm */ = {isa = PBXFileReference; lastKnownFileType = file; name = Pause.pxm; path = "../../Sprites and Sounds/Pause.pxm"; sourceTree = "<group>"; };
		3A160ABF1BBABB72005F6C3A /* PowerUp.png */ = {isa = PBXFileReference; lastKnownFileType = image.png; name = PowerUp.png; path = "../../Sprites and Sounds/PowerUp.png"; sourceTree = "<group>"; };
		3A160AC01BBABB72005F6C3A /* PowerUp.pxm */ = {isa = PBXFileReference; lastKnownFileType = file; name = PowerUp.pxm; path = "../../Sprites and Sounds/PowerUp.pxm"; sourceTree = "<group>"; };
		3A160AC11BBABB72005F6C3A /* Q.png */ = {isa = PBXFileReference; lastKnownFileType = image.png; name = Q.png; path = "../../Sprites and Sounds/Q.png"; sourceTree = "<group>"; };
		3A160AC21BBABB72005F6C3A /* Quit.png */ = {isa = PBXFileReference; lastKnownFileType = image.png; name = Quit.png; path = "../../Sprites and Sounds/Quit.png"; sourceTree = "<group>"; };
		3A160AC31BBABB72005F6C3A /* Quit.pxm */ = {isa = PBXFileReference; lastKnownFileType = file; name = Quit.pxm; path = "../../Sprites and Sounds/Quit.pxm"; sourceTree = "<group>"; };
		3A160AC41BBABB72005F6C3A /* rawbeat.aif */ = {isa = PBXFileReference; lastKnownFileType = file; name = rawbeat.aif; path = "../../Sprites and Sounds/rawbeat.aif"; sourceTree = "<group>"; };
		3A160AC51BBABB72005F6C3A /* README.md */ = {isa = PBXFileReference; fileEncoding = 4; lastKnownFileType = net.daringfireball.markdown; name = README.md; path = "../../Sprites and Sounds/README.md"; sourceTree = "<group>"; };
		3A160AC61BBABB72005F6C3A /* Resume.png */ = {isa = PBXFileReference; lastKnownFileType = image.png; name = Resume.png; path = "../../Sprites and Sounds/Resume.png"; sourceTree = "<group>"; };
		3A160AC71BBABB72005F6C3A /* Resume.pxm */ = {isa = PBXFileReference; lastKnownFileType = file; name = Resume.pxm; path = "../../Sprites and Sounds/Resume.pxm"; sourceTree = "<group>"; };
		3A160AC81BBABB72005F6C3A /* s.pxm */ = {isa = PBXFileReference; lastKnownFileType = file; name = s.pxm; path = "../../Sprites and Sounds/s.pxm"; sourceTree = "<group>"; };
		3A160AC91BBABB72005F6C3A /* s0.png */ = {isa = PBXFileReference; lastKnownFileType = image.png; name = s0.png; path = "../../Sprites and Sounds/s0.png"; sourceTree = "<group>"; };
		3A160ACA1BBABB72005F6C3A /* s1.png */ = {isa = PBXFileReference; lastKnownFileType = image.png; name = s1.png; path = "../../Sprites and Sounds/s1.png"; sourceTree = "<group>"; };
		3A160ACB1BBABB72005F6C3A /* s2.pxm */ = {isa = PBXFileReference; lastKnownFileType = file; name = s2.pxm; path = "../../Sprites and Sounds/s2.pxm"; sourceTree = "<group>"; };
		3A160ACC1BBABB72005F6C3A /* Start.png */ = {isa = PBXFileReference; lastKnownFileType = image.png; name = Start.png; path = "../../Sprites and Sounds/Start.png"; sourceTree = "<group>"; };
		3A160ACD1BBABB72005F6C3A /* Start.pxm */ = {isa = PBXFileReference; lastKnownFileType = file; name = Start.pxm; path = "../../Sprites and Sounds/Start.pxm"; sourceTree = "<group>"; };
		3A160ACE1BBABB72005F6C3A /* Unld.png */ = {isa = PBXFileReference; lastKnownFileType = image.png; name = Unld.png; path = "../../Sprites and Sounds/Unld.png"; sourceTree = "<group>"; };
		3A160ACF1BBABB72005F6C3A /* Unld.pxm */ = {isa = PBXFileReference; lastKnownFileType = file; name = Unld.pxm; path = "../../Sprites and Sounds/Unld.pxm"; sourceTree = "<group>"; };
		3A160AD01BBABB72005F6C3A /* Upgrade.png */ = {isa = PBXFileReference; lastKnownFileType = image.png; name = Upgrade.png; path = "../../Sprites and Sounds/Upgrade.png"; sourceTree = "<group>"; };
		3A160AD11BBABB72005F6C3A /* Upgrade.pxm */ = {isa = PBXFileReference; lastKnownFileType = file; name = Upgrade.pxm; path = "../../Sprites and Sounds/Upgrade.pxm"; sourceTree = "<group>"; };
		3AAE84471B38D01D00ED4957 /* spark.png */ = {isa = PBXFileReference; lastKnownFileType = image.png; path = spark.png; sourceTree = "<group>"; };
		3AD53A2B1B388A0E0032B64B /* 6014.app */ = {isa = PBXFileReference; explicitFileType = wrapper.application; includeInIndex = 0; path = 6014.app; sourceTree = BUILT_PRODUCTS_DIR; };
		3AD53A2F1B388A0E0032B64B /* Info.plist */ = {isa = PBXFileReference; lastKnownFileType = text.plist.xml; path = Info.plist; sourceTree = "<group>"; };
		3AD53A301B388A0E0032B64B /* AppDelegate.swift */ = {isa = PBXFileReference; lastKnownFileType = sourcecode.swift; path = AppDelegate.swift; sourceTree = "<group>"; };
		3AD53A321B388A0E0032B64B /* GameScene.sks */ = {isa = PBXFileReference; lastKnownFileType = file.sks; path = GameScene.sks; sourceTree = "<group>"; };
		3AD53A341B388A0E0032B64B /* GameScene.swift */ = {isa = PBXFileReference; lastKnownFileType = sourcecode.swift; path = GameScene.swift; sourceTree = "<group>"; };
		3AD53A361B388A0E0032B64B /* GameViewController.swift */ = {isa = PBXFileReference; lastKnownFileType = sourcecode.swift; path = GameViewController.swift; sourceTree = "<group>"; };
		3AD53A391B388A0E0032B64B /* Base */ = {isa = PBXFileReference; lastKnownFileType = file.storyboard; name = Base; path = Base.lproj/Main.storyboard; sourceTree = "<group>"; };
		3AD53A3B1B388A0E0032B64B /* Images.xcassets */ = {isa = PBXFileReference; lastKnownFileType = folder.assetcatalog; path = Images.xcassets; sourceTree = "<group>"; };
		3AD53A3E1B388A0E0032B64B /* Base */ = {isa = PBXFileReference; lastKnownFileType = file.xib; name = Base; path = Base.lproj/LaunchScreen.xib; sourceTree = "<group>"; };
		3AD53A441B388A0E0032B64B /* 6014Tests.xctest */ = {isa = PBXFileReference; explicitFileType = wrapper.cfbundle; includeInIndex = 0; path = 6014Tests.xctest; sourceTree = BUILT_PRODUCTS_DIR; };
		3AD53A491B388A0E0032B64B /* Info.plist */ = {isa = PBXFileReference; lastKnownFileType = text.plist.xml; path = Info.plist; sourceTree = "<group>"; };
		3AD53A4A1B388A0E0032B64B /* AlienConquerorTests.swift */ = {isa = PBXFileReference; lastKnownFileType = sourcecode.swift; path = AlienConquerorTests.swift; sourceTree = "<group>"; };
/* End PBXFileReference section */

/* Begin PBXFrameworksBuildPhase section */
		3AD53A281B388A0E0032B64B /* Frameworks */ = {
			isa = PBXFrameworksBuildPhase;
			buildActionMask = 2147483647;
			files = (
			);
			runOnlyForDeploymentPostprocessing = 0;
		};
		3AD53A411B388A0E0032B64B /* Frameworks */ = {
			isa = PBXFrameworksBuildPhase;
			buildActionMask = 2147483647;
			files = (
			);
			runOnlyForDeploymentPostprocessing = 0;
		};
/* End PBXFrameworksBuildPhase section */

/* Begin PBXGroup section */
		3AD53A221B388A0D0032B64B = {
			isa = PBXGroup;
			children = (
				3AD53A2D1B388A0E0032B64B /* AlienConqueror */,
				3AD53A471B388A0E0032B64B /* AlienConquerorTests */,
				3AD53A2C1B388A0E0032B64B /* Products */,
			);
			sourceTree = "<group>";
		};
		3AD53A2C1B388A0E0032B64B /* Products */ = {
			isa = PBXGroup;
			children = (
				3AD53A2B1B388A0E0032B64B /* 6014.app */,
				3AD53A441B388A0E0032B64B /* 6014Tests.xctest */,
			);
			name = Products;
			sourceTree = "<group>";
		};
		3AD53A2D1B388A0E0032B64B /* AlienConqueror */ = {
			isa = PBXGroup;
			children = (
				3AD53A301B388A0E0032B64B /* AppDelegate.swift */,
				3AD53A321B388A0E0032B64B /* GameScene.sks */,
				3AD53A341B388A0E0032B64B /* GameScene.swift */,
				3AAE84471B38D01D00ED4957 /* spark.png */,
				3AD53A361B388A0E0032B64B /* GameViewController.swift */,
				3AD53A381B388A0E0032B64B /* Main.storyboard */,
				3AD53A3B1B388A0E0032B64B /* Images.xcassets */,
				3AD53A3D1B388A0E0032B64B /* LaunchScreen.xib */,
				3AD53A2E1B388A0E0032B64B /* Supporting Files */,
			);
			path = AlienConqueror;
			sourceTree = "<group>";
		};
		3AD53A2E1B388A0E0032B64B /* Supporting Files */ = {
			isa = PBXGroup;
			children = (
				3A160A921BBABB72005F6C3A /* 0.png */,
				3A160A931BBABB72005F6C3A /* 1.png */,
				3A160A941BBABB72005F6C3A /* 2.png */,
				3A160A951BBABB72005F6C3A /* 3.png */,
				3A160A961BBABB72005F6C3A /* 4.png */,
				3A160A971BBABB72005F6C3A /* 5.png */,
				3A160A981BBABB72005F6C3A /* 6.png */,
				3A160A991BBABB72005F6C3A /* 7.png */,
				3A160A9A1BBABB72005F6C3A /* 8.png */,
				3A160A9B1BBABB72005F6C3A /* 9.png */,
				3A160A9C1BBABB72005F6C3A /* 6014.aiff */,
				3A160A9D1BBABB72005F6C3A /* 6014play.aiff */,
				3A160A9E1BBABB72005F6C3A /* b0.png */,
				3A160A9F1BBABB72005F6C3A /* b0.pxm */,
				3A160AA01BBABB72005F6C3A /* b1.png */,
				3A160AA11BBABB72005F6C3A /* b1.pxm */,
				3A160AA21BBABB72005F6C3A /* b2.png */,
				3A160AA31BBABB72005F6C3A /* b2.pxm */,
				3A160AA41BBABB72005F6C3A /* b3.png */,
				3A160AA51BBABB72005F6C3A /* b3.pxm */,
				3A160AA61BBABB72005F6C3A /* boss.png */,
				3A160AA71BBABB72005F6C3A /* boss.pxm */,
				3A160AA81BBABB72005F6C3A /* Bullet.png */,
				3A160AA91BBABB72005F6C3A /* Bullet.pxm */,
				3A160AAA1BBABB72005F6C3A /* Bullet2.png */,
				3A160AAB1BBABB72005F6C3A /* Bullet2.pxm */,
				3A160AAC1BBABB72005F6C3A /* Bullet3.png */,
				3A160AAD1BBABB72005F6C3A /* Bullet3.pxm */,
				3A160AAE1BBABB72005F6C3A /* c0.png */,
				3A160AAF1BBABB72005F6C3A /* c0.pxm */,
				3A160AB01BBABB72005F6C3A /* g_backup 2.pxm */,
				3A160AB11BBABB72005F6C3A /* g_backup.pxm */,
				3A160AB21BBABB72005F6C3A /* g.pxm */,
				3A160AB31BBABB72005F6C3A /* g1.png */,
				3A160AB41BBABB72005F6C3A /* g2.png */,
				3A160AB51BBABB72005F6C3A /* g3.png */,
				3A160AB61BBABB72005F6C3A /* g4.png */,
				3A160AB71BBABB72005F6C3A /* g5.png */,
				3A160AB81BBABB72005F6C3A /* g6.png */,
				3A160AB91BBABB72005F6C3A /* g7.png */,
				3A160ABA1BBABB72005F6C3A /* g8.png */,
				3A160ABB1BBABB72005F6C3A /* Krungthep.ttf */,
				3A160ABC1BBABB72005F6C3A /* level.pxm */,
				3A160ABD1BBABB72005F6C3A /* Pause.png */,
				3A160ABE1BBABB72005F6C3A /* Pause.pxm */,
				3A160ABF1BBABB72005F6C3A /* PowerUp.png */,
				3A160AC01BBABB72005F6C3A /* PowerUp.pxm */,
				3A160AC11BBABB72005F6C3A /* Q.png */,
				3A160AC21BBABB72005F6C3A /* Quit.png */,
				3A160AC31BBABB72005F6C3A /* Quit.pxm */,
				3A160AC41BBABB72005F6C3A /* rawbeat.aif */,
				3A160AC51BBABB72005F6C3A /* README.md */,
				3A160AC61BBABB72005F6C3A /* Resume.png */,
				3A160AC71BBABB72005F6C3A /* Resume.pxm */,
				3A160AC81BBABB72005F6C3A /* s.pxm */,
				3A160AC91BBABB72005F6C3A /* s0.png */,
				3A160ACA1BBABB72005F6C3A /* s1.png */,
				3A160ACB1BBABB72005F6C3A /* s2.pxm */,
				3A160ACC1BBABB72005F6C3A /* Start.png */,
				3A160ACD1BBABB72005F6C3A /* Start.pxm */,
				3A160ACE1BBABB72005F6C3A /* Unld.png */,
				3A160ACF1BBABB72005F6C3A /* Unld.pxm */,
				3A160AD01BBABB72005F6C3A /* Upgrade.png */,
				3A160AD11BBABB72005F6C3A /* Upgrade.pxm */,
				3AD53A2F1B388A0E0032B64B /* Info.plist */,
			);
			name = "Supporting Files";
			sourceTree = "<group>";
		};
		3AD53A471B388A0E0032B64B /* AlienConquerorTests */ = {
			isa = PBXGroup;
			children = (
				3AD53A4A1B388A0E0032B64B /* AlienConquerorTests.swift */,
				3AD53A481B388A0E0032B64B /* Supporting Files */,
			);
			path = AlienConquerorTests;
			sourceTree = "<group>";
		};
		3AD53A481B388A0E0032B64B /* Supporting Files */ = {
			isa = PBXGroup;
			children = (
				3AD53A491B388A0E0032B64B /* Info.plist */,
			);
			name = "Supporting Files";
			sourceTree = "<group>";
		};
/* End PBXGroup section */

/* Begin PBXNativeTarget section */
		3AD53A2A1B388A0E0032B64B /* 6014 */ = {
			isa = PBXNativeTarget;
			buildConfigurationList = 3AD53A4E1B388A0E0032B64B /* Build configuration list for PBXNativeTarget "6014" */;
			buildPhases = (
				3AD53A271B388A0E0032B64B /* Sources */,
				3AD53A281B388A0E0032B64B /* Frameworks */,
				3AD53A291B388A0E0032B64B /* Resources */,
			);
			buildRules = (
			);
			dependencies = (
			);
			name = 6014;
			productName = AlienConqueror;
			productReference = 3AD53A2B1B388A0E0032B64B /* 6014.app */;
			productType = "com.apple.product-type.application";
		};
		3AD53A431B388A0E0032B64B /* 6014Tests */ = {
			isa = PBXNativeTarget;
			buildConfigurationList = 3AD53A511B388A0E0032B64B /* Build configuration list for PBXNativeTarget "6014Tests" */;
			buildPhases = (
				3AD53A401B388A0E0032B64B /* Sources */,
				3AD53A411B388A0E0032B64B /* Frameworks */,
				3AD53A421B388A0E0032B64B /* Resources */,
			);
			buildRules = (
			);
			dependencies = (
				3AD53A461B388A0E0032B64B /* PBXTargetDependency */,
			);
			name = 6014Tests;
			productName = AlienConquerorTests;
			productReference = 3AD53A441B388A0E0032B64B /* 6014Tests.xctest */;
			productType = "com.apple.product-type.bundle.unit-test";
		};
/* End PBXNativeTarget section */

/* Begin PBXProject section */
		3AD53A231B388A0D0032B64B /* Project object */ = {
			isa = PBXProject;
			attributes = {
				LastSwiftMigration = 0700;
				LastSwiftUpdateCheck = 0700;
				LastUpgradeCheck = 0700;
				ORGANIZATIONNAME = "Brad Flaugher";
				TargetAttributes = {
					3AD53A2A1B388A0E0032B64B = {
						CreatedOnToolsVersion = 6.3.2;
						DevelopmentTeam = W6RVUQUBJ8;
					};
					3AD53A431B388A0E0032B64B = {
						CreatedOnToolsVersion = 6.3.2;
						TestTargetID = 3AD53A2A1B388A0E0032B64B;
					};
				};
			};
			buildConfigurationList = 3AD53A261B388A0D0032B64B /* Build configuration list for PBXProject "6014" */;
			compatibilityVersion = "Xcode 3.2";
			developmentRegion = English;
			hasScannedForEncodings = 0;
			knownRegions = (
				en,
				Base,
			);
			mainGroup = 3AD53A221B388A0D0032B64B;
			productRefGroup = 3AD53A2C1B388A0E0032B64B /* Products */;
			projectDirPath = "";
			projectRoot = "";
			targets = (
				3AD53A2A1B388A0E0032B64B /* 6014 */,
				3AD53A431B388A0E0032B64B /* 6014Tests */,
			);
		};
/* End PBXProject section */

/* Begin PBXResourcesBuildPhase section */
		3AD53A291B388A0E0032B64B /* Resources */ = {
			isa = PBXResourcesBuildPhase;
			buildActionMask = 2147483647;
			files = (
				3A160B321BBABB72005F6C3A /* Quit.png in Resources */,
				3A160B221BBABB72005F6C3A /* g8.png in Resources */,
				3A160B0C1BBABB72005F6C3A /* c0.pxm in Resources */,
				3A160B3A1BBABB72005F6C3A /* Resume.png in Resources */,
				3A160B2A1BBABB72005F6C3A /* Pause.pxm in Resources */,
				3A160AEE1BBABB72005F6C3A /* b1.png in Resources */,
				3A160ADC1BBABB72005F6C3A /* 5.png in Resources */,
				3A160AE01BBABB72005F6C3A /* 7.png in Resources */,
				3A160AF21BBABB72005F6C3A /* b2.png in Resources */,
				3A160B121BBABB72005F6C3A /* g.pxm in Resources */,
				3A160AE81BBABB72005F6C3A /* 6014play.aiff in Resources */,
				3A160B181BBABB72005F6C3A /* g3.png in Resources */,
				3A160AF81BBABB72005F6C3A /* b3.pxm in Resources */,
				3A160AEA1BBABB72005F6C3A /* b0.png in Resources */,
				3A160B2E1BBABB72005F6C3A /* PowerUp.pxm in Resources */,
				3A160AF61BBABB72005F6C3A /* b3.png in Resources */,
				3A160B361BBABB72005F6C3A /* rawbeat.aif in Resources */,
				3A160B421BBABB72005F6C3A /* s1.png in Resources */,
				3A160B161BBABB72005F6C3A /* g2.png in Resources */,
				3A160AD21BBABB72005F6C3A /* 0.png in Resources */,
				3A160AE41BBABB72005F6C3A /* 9.png in Resources */,
				3A160B401BBABB72005F6C3A /* s0.png in Resources */,
				3A160B501BBABB72005F6C3A /* Upgrade.pxm in Resources */,
				3AD53A3F1B388A0E0032B64B /* LaunchScreen.xib in Resources */,
				3A160B141BBABB72005F6C3A /* g1.png in Resources */,
				3A160AD61BBABB72005F6C3A /* 2.png in Resources */,
				3A160AEC1BBABB72005F6C3A /* b0.pxm in Resources */,
				3A160B481BBABB72005F6C3A /* Start.pxm in Resources */,
				3A160AD81BBABB72005F6C3A /* 3.png in Resources */,
				3A160B261BBABB72005F6C3A /* level.pxm in Resources */,
				3A160AE21BBABB72005F6C3A /* 8.png in Resources */,
				3A160B081BBABB72005F6C3A /* Bullet3.pxm in Resources */,
				3A160B041BBABB72005F6C3A /* Bullet2.pxm in Resources */,
				3A160AF41BBABB72005F6C3A /* b2.pxm in Resources */,
				3A160B0E1BBABB72005F6C3A /* g_backup 2.pxm in Resources */,
				3A160B1C1BBABB72005F6C3A /* g5.png in Resources */,
				3A160B3C1BBABB72005F6C3A /* Resume.pxm in Resources */,
				3A160B281BBABB72005F6C3A /* Pause.png in Resources */,
				3A160B241BBABB72005F6C3A /* Krungthep.ttf in Resources */,
				3A160B201BBABB72005F6C3A /* g7.png in Resources */,
				3A160B101BBABB72005F6C3A /* g_backup.pxm in Resources */,
				3A160B341BBABB72005F6C3A /* Quit.pxm in Resources */,
				3A160B001BBABB72005F6C3A /* Bullet.pxm in Resources */,
				3A160AF01BBABB72005F6C3A /* b1.pxm in Resources */,
				3A160B4E1BBABB72005F6C3A /* Upgrade.png in Resources */,
				3A160B021BBABB72005F6C3A /* Bullet2.png in Resources */,
				3A160AFE1BBABB72005F6C3A /* Bullet.png in Resources */,
				3A160B461BBABB72005F6C3A /* Start.png in Resources */,
				3A160B4C1BBABB72005F6C3A /* Unld.pxm in Resources */,
				3A160B1E1BBABB72005F6C3A /* g6.png in Resources */,
				3A160B4A1BBABB72005F6C3A /* Unld.png in Resources */,
				3A160B3E1BBABB72005F6C3A /* s.pxm in Resources */,
				3A160AE61BBABB72005F6C3A /* 6014.aiff in Resources */,
				3AAE84491B38D01D00ED4957 /* spark.png in Resources */,
				3A160ADE1BBABB72005F6C3A /* 6.png in Resources */,
				3A160B2C1BBABB72005F6C3A /* PowerUp.png in Resources */,
				3A160AFA1BBABB72005F6C3A /* boss.png in Resources */,
				3A160B301BBABB72005F6C3A /* Q.png in Resources */,
				3A160B061BBABB72005F6C3A /* Bullet3.png in Resources */,
				3A160AFC1BBABB72005F6C3A /* boss.pxm in Resources */,
				3A160B441BBABB72005F6C3A /* s2.pxm in Resources */,
				3AD53A3C1B388A0E0032B64B /* Images.xcassets in Resources */,
				3AD53A331B388A0E0032B64B /* GameScene.sks in Resources */,
				3AD53A3A1B388A0E0032B64B /* Main.storyboard in Resources */,
				3A160ADA1BBABB72005F6C3A /* 4.png in Resources */,
				3A160B0A1BBABB72005F6C3A /* c0.png in Resources */,
				3A160B1A1BBABB72005F6C3A /* g4.png in Resources */,
				3A160AD41BBABB72005F6C3A /* 1.png in Resources */,
			);
			runOnlyForDeploymentPostprocessing = 0;
		};
		3AD53A421B388A0E0032B64B /* Resources */ = {
			isa = PBXResourcesBuildPhase;
			buildActionMask = 2147483647;
			files = (
				3A160B131BBABB72005F6C3A /* g.pxm in Resources */,
				3A160B0F1BBABB72005F6C3A /* g_backup 2.pxm in Resources */,
				3A160B071BBABB72005F6C3A /* Bullet3.png in Resources */,
				3A160B371BBABB72005F6C3A /* rawbeat.aif in Resources */,
				3A160B251BBABB72005F6C3A /* Krungthep.ttf in Resources */,
				3A160AEB1BBABB72005F6C3A /* b0.png in Resources */,
				3A160AED1BBABB72005F6C3A /* b0.pxm in Resources */,
				3A160B291BBABB72005F6C3A /* Pause.png in Resources */,
				3A160ADF1BBABB72005F6C3A /* 6.png in Resources */,
				3A160B2D1BBABB72005F6C3A /* PowerUp.png in Resources */,
				3A160B311BBABB72005F6C3A /* Q.png in Resources */,
				3A160B031BBABB72005F6C3A /* Bullet2.png in Resources */,
				3A160B051BBABB72005F6C3A /* Bullet2.pxm in Resources */,
				3A160AE71BBABB72005F6C3A /* 6014.aiff in Resources */,
				3A160AD71BBABB72005F6C3A /* 2.png in Resources */,
				3A160B511BBABB72005F6C3A /* Upgrade.pxm in Resources */,
				3A160B2B1BBABB72005F6C3A /* Pause.pxm in Resources */,
				3A160B011BBABB72005F6C3A /* Bullet.pxm in Resources */,
				3A160B191BBABB72005F6C3A /* g3.png in Resources */,
				3A160AF51BBABB72005F6C3A /* b2.pxm in Resources */,
				3A160B4D1BBABB72005F6C3A /* Unld.pxm in Resources */,
				3A160B111BBABB72005F6C3A /* g_backup.pxm in Resources */,
				3A160AEF1BBABB72005F6C3A /* b1.png in Resources */,
				3A160B3F1BBABB72005F6C3A /* s.pxm in Resources */,
				3A160B211BBABB72005F6C3A /* g7.png in Resources */,
				3A160AF71BBABB72005F6C3A /* b3.png in Resources */,
				3A160AFD1BBABB72005F6C3A /* boss.pxm in Resources */,
				3A160B411BBABB72005F6C3A /* s0.png in Resources */,
				3A160B091BBABB72005F6C3A /* Bullet3.pxm in Resources */,
				3A160AD31BBABB72005F6C3A /* 0.png in Resources */,
				3A160AE51BBABB72005F6C3A /* 9.png in Resources */,
				3A160AF91BBABB72005F6C3A /* b3.pxm in Resources */,
				3A160B3D1BBABB72005F6C3A /* Resume.pxm in Resources */,
				3A160AD51BBABB72005F6C3A /* 1.png in Resources */,
				3A160ADD1BBABB72005F6C3A /* 5.png in Resources */,
				3A160AFF1BBABB72005F6C3A /* Bullet.png in Resources */,
				3A160B0D1BBABB72005F6C3A /* c0.pxm in Resources */,
				3A160ADB1BBABB72005F6C3A /* 4.png in Resources */,
				3A160B1F1BBABB72005F6C3A /* g6.png in Resources */,
				3A160B451BBABB72005F6C3A /* s2.pxm in Resources */,
				3A160B431BBABB72005F6C3A /* s1.png in Resources */,
				3A160B3B1BBABB72005F6C3A /* Resume.png in Resources */,
				3A160B171BBABB72005F6C3A /* g2.png in Resources */,
				3A160B351BBABB72005F6C3A /* Quit.pxm in Resources */,
				3A160B4B1BBABB72005F6C3A /* Unld.png in Resources */,
				3A160B151BBABB72005F6C3A /* g1.png in Resources */,
				3A160AE31BBABB72005F6C3A /* 8.png in Resources */,
				3A160AF11BBABB72005F6C3A /* b1.pxm in Resources */,
				3A160B1B1BBABB72005F6C3A /* g4.png in Resources */,
				3A160AD91BBABB72005F6C3A /* 3.png in Resources */,
				3A160AE91BBABB72005F6C3A /* 6014play.aiff in Resources */,
				3A160B4F1BBABB72005F6C3A /* Upgrade.png in Resources */,
				3A160B471BBABB72005F6C3A /* Start.png in Resources */,
				3A160B491BBABB72005F6C3A /* Start.pxm in Resources */,
				3A160B1D1BBABB72005F6C3A /* g5.png in Resources */,
				3A160B231BBABB72005F6C3A /* g8.png in Resources */,
				3A160AF31BBABB72005F6C3A /* b2.png in Resources */,
				3A160B271BBABB72005F6C3A /* level.pxm in Resources */,
				3A160AE11BBABB72005F6C3A /* 7.png in Resources */,
				3A160B2F1BBABB72005F6C3A /* PowerUp.pxm in Resources */,
				3A160B331BBABB72005F6C3A /* Quit.png in Resources */,
				3A160AFB1BBABB72005F6C3A /* boss.png in Resources */,
				3A160B0B1BBABB72005F6C3A /* c0.png in Resources */,
			);
			runOnlyForDeploymentPostprocessing = 0;
		};
/* End PBXResourcesBuildPhase section */

/* Begin PBXSourcesBuildPhase section */
		3AD53A271B388A0E0032B64B /* Sources */ = {
			isa = PBXSourcesBuildPhase;
			buildActionMask = 2147483647;
			files = (
				3AD53A351B388A0E0032B64B /* GameScene.swift in Sources */,
				3AD53A371B388A0E0032B64B /* GameViewController.swift in Sources */,
				3A160B381BBABB72005F6C3A /* README.md in Sources */,
				3AD53A311B388A0E0032B64B /* AppDelegate.swift in Sources */,
			);
			runOnlyForDeploymentPostprocessing = 0;
		};
		3AD53A401B388A0E0032B64B /* Sources */ = {
			isa = PBXSourcesBuildPhase;
			buildActionMask = 2147483647;
			files = (
				3A160B391BBABB72005F6C3A /* README.md in Sources */,
				3AD53A4B1B388A0E0032B64B /* AlienConquerorTests.swift in Sources */,
			);
			runOnlyForDeploymentPostprocessing = 0;
		};
/* End PBXSourcesBuildPhase section */

/* Begin PBXTargetDependency section */
		3AD53A461B388A0E0032B64B /* PBXTargetDependency */ = {
			isa = PBXTargetDependency;
			target = 3AD53A2A1B388A0E0032B64B /* 6014 */;
			targetProxy = 3AD53A451B388A0E0032B64B /* PBXContainerItemProxy */;
		};
/* End PBXTargetDependency section */

/* Begin PBXVariantGroup section */
		3AD53A381B388A0E0032B64B /* Main.storyboard */ = {
			isa = PBXVariantGroup;
			children = (
				3AD53A391B388A0E0032B64B /* Base */,
			);
			name = Main.storyboard;
			sourceTree = "<group>";
		};
		3AD53A3D1B388A0E0032B64B /* LaunchScreen.xib */ = {
			isa = PBXVariantGroup;
			children = (
				3AD53A3E1B388A0E0032B64B /* Base */,
			);
			name = LaunchScreen.xib;
			sourceTree = "<group>";
		};
/* End PBXVariantGroup section */

/* Begin XCBuildConfiguration section */
		3AD53A4C1B388A0E0032B64B /* Debug */ = {
			isa = XCBuildConfiguration;
			buildSettings = {
				ALWAYS_SEARCH_USER_PATHS = NO;
				CLANG_CXX_LANGUAGE_STANDARD = "gnu++0x";
				CLANG_CXX_LIBRARY = "libc++";
				CLANG_ENABLE_MODULES = YES;
				CLANG_ENABLE_OBJC_ARC = YES;
				CLANG_WARN_BOOL_CONVERSION = YES;
				CLANG_WARN_CONSTANT_CONVERSION = YES;
				CLANG_WARN_DIRECT_OBJC_ISA_USAGE = YES_ERROR;
				CLANG_WARN_EMPTY_BODY = YES;
				CLANG_WARN_ENUM_CONVERSION = YES;
				CLANG_WARN_INT_CONVERSION = YES;
				CLANG_WARN_OBJC_ROOT_CLASS = YES_ERROR;
				CLANG_WARN_UNREACHABLE_CODE = YES;
				CLANG_WARN__DUPLICATE_METHOD_MATCH = YES;
				"CODE_SIGN_IDENTITY[sdk=iphoneos*]" = "iPhone Developer";
				COPY_PHASE_STRIP = NO;
				DEBUG_INFORMATION_FORMAT = "dwarf-with-dsym";
				ENABLE_STRICT_OBJC_MSGSEND = YES;
				ENABLE_TESTABILITY = YES;
				GCC_C_LANGUAGE_STANDARD = gnu99;
				GCC_DYNAMIC_NO_PIC = NO;
				GCC_NO_COMMON_BLOCKS = YES;
				GCC_OPTIMIZATION_LEVEL = 0;
				GCC_PREPROCESSOR_DEFINITIONS = (
					"DEBUG=1",
					"$(inherited)",
				);
				GCC_SYMBOLS_PRIVATE_EXTERN = NO;
				GCC_WARN_64_TO_32_BIT_CONVERSION = YES;
				GCC_WARN_ABOUT_RETURN_TYPE = YES_ERROR;
				GCC_WARN_UNDECLARED_SELECTOR = YES;
				GCC_WARN_UNINITIALIZED_AUTOS = YES_AGGRESSIVE;
				GCC_WARN_UNUSED_FUNCTION = YES;
				GCC_WARN_UNUSED_VARIABLE = YES;
				IPHONEOS_DEPLOYMENT_TARGET = 8.3;
				MTL_ENABLE_DEBUG_INFO = YES;
				ONLY_ACTIVE_ARCH = YES;
				SDKROOT = iphoneos;
				SWIFT_INSTALL_OBJC_HEADER = NO;
				SWIFT_OBJC_INTERFACE_HEADER_NAME = "";
				SWIFT_OPTIMIZATION_LEVEL = "-Onone";
				TARGETED_DEVICE_FAMILY = "1,2";
			};
			name = Debug;
		};
		3AD53A4D1B388A0E0032B64B /* Release */ = {
			isa = XCBuildConfiguration;
			buildSettings = {
				ALWAYS_SEARCH_USER_PATHS = NO;
				CLANG_CXX_LANGUAGE_STANDARD = "gnu++0x";
				CLANG_CXX_LIBRARY = "libc++";
				CLANG_ENABLE_MODULES = YES;
				CLANG_ENABLE_OBJC_ARC = YES;
				CLANG_WARN_BOOL_CONVERSION = YES;
				CLANG_WARN_CONSTANT_CONVERSION = YES;
				CLANG_WARN_DIRECT_OBJC_ISA_USAGE = YES_ERROR;
				CLANG_WARN_EMPTY_BODY = YES;
				CLANG_WARN_ENUM_CONVERSION = YES;
				CLANG_WARN_INT_CONVERSION = YES;
				CLANG_WARN_OBJC_ROOT_CLASS = YES_ERROR;
				CLANG_WARN_UNREACHABLE_CODE = YES;
				CLANG_WARN__DUPLICATE_METHOD_MATCH = YES;
				"CODE_SIGN_IDENTITY[sdk=iphoneos*]" = "iPhone Developer";
				COPY_PHASE_STRIP = NO;
				DEBUG_INFORMATION_FORMAT = "dwarf-with-dsym";
				ENABLE_NS_ASSERTIONS = NO;
				ENABLE_STRICT_OBJC_MSGSEND = YES;
				GCC_C_LANGUAGE_STANDARD = gnu99;
				GCC_NO_COMMON_BLOCKS = YES;
				GCC_WARN_64_TO_32_BIT_CONVERSION = YES;
				GCC_WARN_ABOUT_RETURN_TYPE = YES_ERROR;
				GCC_WARN_UNDECLARED_SELECTOR = YES;
				GCC_WARN_UNINITIALIZED_AUTOS = YES_AGGRESSIVE;
				GCC_WARN_UNUSED_FUNCTION = YES;
				GCC_WARN_UNUSED_VARIABLE = YES;
				IPHONEOS_DEPLOYMENT_TARGET = 8.3;
				MTL_ENABLE_DEBUG_INFO = NO;
				SDKROOT = iphoneos;
				SWIFT_INSTALL_OBJC_HEADER = NO;
				SWIFT_OBJC_INTERFACE_HEADER_NAME = "";
				TARGETED_DEVICE_FAMILY = "1,2";
				VALIDATE_PRODUCT = YES;
			};
			name = Release;
		};
		3AD53A4F1B388A0E0032B64B /* Debug */ = {
			isa = XCBuildConfiguration;
			buildSettings = {
				ASSETCATALOG_COMPILER_APPICON_NAME = AppIcon;
				CODE_SIGN_IDENTITY = "iPhone Developer";
				"CODE_SIGN_IDENTITY[sdk=iphoneos*]" = "iPhone Developer";
				INFOPLIST_FILE = AlienConqueror/Info.plist;
				IPHONEOS_DEPLOYMENT_TARGET = 8.4;
				LD_RUNPATH_SEARCH_PATHS = "$(inherited) @executable_path/Frameworks";
				LIBRARY_SEARCH_PATHS = (
					"$(inherited)",
					"$(PROJECT_DIR)/AlienConqueror",
				);
				PRODUCT_BUNDLE_IDENTIFIER = "bradflaugher.$(PRODUCT_NAME:rfc1034identifier)";
				PRODUCT_NAME = 6014;
				PROVISIONING_PROFILE = "";
				TARGETED_DEVICE_FAMILY = "1,2";
			};
			name = Debug;
		};
		3AD53A501B388A0E0032B64B /* Release */ = {
			isa = XCBuildConfiguration;
			buildSettings = {
				ASSETCATALOG_COMPILER_APPICON_NAME = AppIcon;
				CODE_SIGN_IDENTITY = "iPhone Developer";
				"CODE_SIGN_IDENTITY[sdk=iphoneos*]" = "iPhone Developer";
				INFOPLIST_FILE = AlienConqueror/Info.plist;
				IPHONEOS_DEPLOYMENT_TARGET = 8.4;
				LD_RUNPATH_SEARCH_PATHS = "$(inherited) @executable_path/Frameworks";
				LIBRARY_SEARCH_PATHS = (
					"$(inherited)",
					"$(PROJECT_DIR)/AlienConqueror",
				);
				PRODUCT_BUNDLE_IDENTIFIER = "bradflaugher.$(PRODUCT_NAME:rfc1034identifier)";
				PRODUCT_NAME = 6014;
				PROVISIONING_PROFILE = "";
				TARGETED_DEVICE_FAMILY = "1,2";
			};
			name = Release;
		};
		3AD53A521B388A0E0032B64B /* Debug */ = {
			isa = XCBuildConfiguration;
			buildSettings = {
				FRAMEWORK_SEARCH_PATHS = "";
				GCC_PREPROCESSOR_DEFINITIONS = (
					"DEBUG=1",
					"$(inherited)",
				);
				INFOPLIST_FILE = AlienConquerorTests/Info.plist;
				LD_RUNPATH_SEARCH_PATHS = "$(inherited) @executable_path/Frameworks @loader_path/Frameworks";
				PRODUCT_BUNDLE_IDENTIFIER = "bradflaugher.$(PRODUCT_NAME:rfc1034identifier)";
				PRODUCT_NAME = 6014Tests;
				TEST_HOST = "$(BUILT_PRODUCTS_DIR)/6014.app/6014";
			};
			name = Debug;
		};
		3AD53A531B388A0E0032B64B /* Release */ = {
			isa = XCBuildConfiguration;
			buildSettings = {
				FRAMEWORK_SEARCH_PATHS = "";
				INFOPLIST_FILE = AlienConquerorTests/Info.plist;
				LD_RUNPATH_SEARCH_PATHS = "$(inherited) @executable_path/Frameworks @loader_path/Frameworks";
				PRODUCT_BUNDLE_IDENTIFIER = "bradflaugher.$(PRODUCT_NAME:rfc1034identifier)";
				PRODUCT_NAME = 6014Tests;
				TEST_HOST = "$(BUILT_PRODUCTS_DIR)/6014.app/6014";
			};
			name = Release;
		};
/* End XCBuildConfiguration section */

/* Begin XCConfigurationList section */
		3AD53A261B388A0D0032B64B /* Build configuration list for PBXProject "6014" */ = {
			isa = XCConfigurationList;
			buildConfigurations = (
				3AD53A4C1B388A0E0032B64B /* Debug */,
				3AD53A4D1B388A0E0032B64B /* Release */,
			);
			defaultConfigurationIsVisible = 0;
			defaultConfigurationName = Release;
		};
		3AD53A4E1B388A0E0032B64B /* Build configuration list for PBXNativeTarget "6014" */ = {
			isa = XCConfigurationList;
			buildConfigurations = (
				3AD53A4F1B388A0E0032B64B /* Debug */,
				3AD53A501B388A0E0032B64B /* Release */,
			);
			defaultConfigurationIsVisible = 0;
			defaultConfigurationName = Release;
		};
		3AD53A511B388A0E0032B64B /* Build configuration list for PBXNativeTarget "6014Tests" */ = {
			isa = XCConfigurationList;
			buildConfigurations = (
				3AD53A521B388A0E0032B64B /* Debug */,
				3AD53A531B388A0E0032B64B /* Release */,
			);
			defaultConfigurationIsVisible = 0;
			defaultConfigurationName = Release;
		};
/* End XCConfigurationList section */
	};
	rootObject = 3AD53A231B388A0D0032B64B /* Project object */;
}
